
Microsoft Visual Studio Solution File, Format Version 12.00
# Visual Studio 15
VisualStudioVersion = 15.0.28307.421
MinimumVisualStudioVersion = 10.0.40219.1
Project("{FAE04EC0-301F-11D3-BF4B-00C04F79EFBC}") = "BlidgetTemplate", "BlidgetTemplate\BlidgetTemplate.csproj", "{CA3A7A63-663B-42CC-A648-9E2A00E378EC}"
EndProject
Project("{FAE04EC0-301F-11D3-BF4B-00C04F79EFBC}") = "BlamCli", "BlamCli\BlamCli.csproj", "{C5EC94CD-B1A3-4B51-B545-DF5B2153798E}"
EndProject
Global
	GlobalSection(SolutionConfigurationPlatforms) = preSolution
		Debug|Any CPU = Debug|Any CPU
		Release|Any CPU = Release|Any CPU
	EndGlobalSection
	GlobalSection(ProjectConfigurationPlatforms) = postSolution
		{CA3A7A63-663B-42CC-A648-9E2A00E378EC}.Debug|Any CPU.ActiveCfg = Debug|Any CPU
		{CA3A7A63-663B-42CC-A648-9E2A00E378EC}.Debug|Any CPU.Build.0 = Debug|Any CPU
		{CA3A7A63-663B-42CC-A648-9E2A00E378EC}.Release|Any CPU.ActiveCfg = Release|Any CPU
		{CA3A7A63-663B-42CC-A648-9E2A00E378EC}.Release|Any CPU.Build.0 = Release|Any CPU
		{C5EC94CD-B1A3-4B51-B545-DF5B2153798E}.Debug|Any CPU.ActiveCfg = Debug|Any CPU
		{C5EC94CD-B1A3-4B51-B545-DF5B2153798E}.Debug|Any CPU.Build.0 = Debug|Any CPU
		{C5EC94CD-B1A3-4B51-B545-DF5B2153798E}.Release|Any CPU.ActiveCfg = Release|Any CPU
		{C5EC94CD-B1A3-4B51-B545-DF5B2153798E}.Release|Any CPU.Build.0 = Release|Any CPU
	EndGlobalSection
	GlobalSection(SolutionProperties) = preSolution
		HideSolutionNode = FALSE
	EndGlobalSection
	GlobalSection(ExtensibilityGlobals) = postSolution
		SolutionGuid = {4C079BC6-A107-418C-96E1-5BA9A7001C6D}
	EndGlobalSection
EndGlobal
