
Microsoft Visual Studio Solution File, Format Version 12.00
# Visual Studio Version 16
VisualStudioVersion = 16.0.31205.134
MinimumVisualStudioVersion = 10.0.40219.1
Project("{FAE04EC0-301F-11D3-BF4B-00C04F79EFBC}") = "ExportMediaToNebula", "ExportMediaToNebula\ExportMediaToNebula.csproj", "{DFEDD31B-FD09-422A-B21C-9B576177A266}"
EndProject
Project("{9A19103F-16F7-4668-BE54-9A1E7A4F7556}") = "YellaAPI", "..\Shared\YellaAPI\YellaAPI\YellaAPI.csproj", "{F68AF22B-126F-46CA-A750-F13C81731959}"
EndProject
Global
	GlobalSection(SolutionConfigurationPlatforms) = preSolution
		Debug|Any CPU = Debug|Any CPU
		Release|Any CPU = Release|Any CPU
	EndGlobalSection
	GlobalSection(ProjectConfigurationPlatforms) = postSolution
		{DFEDD31B-FD09-422A-B21C-9B576177A266}.Debug|Any CPU.ActiveCfg = Debug|Any CPU
		{DFEDD31B-FD09-422A-B21C-9B576177A266}.Debug|Any CPU.Build.0 = Debug|Any CPU
		{DFEDD31B-FD09-422A-B21C-9B576177A266}.Release|Any CPU.ActiveCfg = Release|Any CPU
		{DFEDD31B-FD09-422A-B21C-9B576177A266}.Release|Any CPU.Build.0 = Release|Any CPU
		{F68AF22B-126F-46CA-A750-F13C81731959}.Debug|Any CPU.ActiveCfg = Debug|Any CPU
		{F68AF22B-126F-46CA-A750-F13C81731959}.Debug|Any CPU.Build.0 = Debug|Any CPU
		{F68AF22B-126F-46CA-A750-F13C81731959}.Release|Any CPU.ActiveCfg = Release|Any CPU
		{F68AF22B-126F-46CA-A750-F13C81731959}.Release|Any CPU.Build.0 = Release|Any CPU
	EndGlobalSection
	GlobalSection(SolutionProperties) = preSolution
		HideSolutionNode = FALSE
	EndGlobalSection
	GlobalSection(ExtensibilityGlobals) = postSolution
		SolutionGuid = {48728B71-74AC-4D59-ADD4-753811B96629}
	EndGlobalSection
EndGlobal
